PODS:
  - AFNetworking (3.0.4):
    - AFNetworking/NSURLSession (= 3.0.4)
    - AFNetworking/Reachability (= 3.0.4)
    - AFNetworking/Security (= 3.0.4)
    - AFNetworking/Serialization (= 3.0.4)
    - AFNetworking/UIKit (= 3.0.4)
  - AFNetworking/NSURLSession (3.0.4):
    - AFNetworking/Reachability
    - AFNetworking/Security
    - AFNetworking/Serialization
  - AFNetworking/Reachability (3.0.4)
  - AFNetworking/Security (3.0.4)
  - AFNetworking/Serialization (3.0.4)
  - AFNetworking/UIKit (3.0.4):
    - AFNetworking/NSURLSession
  - AliyunOSSiOS (2.6.5)
  - BGNetwork (0.2.6):
    - AFNetworking (~> 3.0.2)
  - GCDWebServer (3.3.3):
    - GCDWebServer/Core (= 3.3.3)
  - GCDWebServer/Core (3.3.3)
  - IQKeyboardManager (5.0.7)
  - Masonry (1.1.0)
  - MBProgressHUD (1.0.0)
  - MJRefresh (3.1.15.1)
  - SDWebImage (4.1.2):
    - SDWebImage/Core (= 4.1.2)
  - SDWebImage/Core (4.1.2)
  - UMengAnalytics-NO-IDFA (4.1.9)

DEPENDENCIES:
  - AliyunOSSiOS (~> 2.6.5)
  - BGNetwork
  - GCDWebServer (~> 3.3.3)
  - IQKeyboardManager (~> 5.0.7)
  - Masonry (~> 1.1.0)
  - MBProgressHUD (~> 1.0.0)
  - MJRefresh (~> 3.1.12)
  - SDWebImage (~> 4.1.0)
  - UMengAnalytics-NO-IDFA (~> 4.1.9)

SPEC CHECKSUMS:
  AFNetworking: a0075feb321559dc78d9d85b55d11caa19eabb93
  AliyunOSSiOS: 6d7f1f6aae0176095d147a88d60b23bbef93e0b7
  BGNetwork: 66986f143548bb5308bffd85dfb2bfd544de1450
  GCDWebServer: 1c39a1f0763e4eb492bee021e4270fce097d3555
  IQKeyboardManager: 0bfa4607d39924116b5c0c8b55b5d789288b5cba
  Masonry: 678fab65091a9290e40e2832a55e7ab731aad201
  MBProgressHUD: 4890f671c94e8a0f3cf959aa731e9de2f036d71a
  MJRefresh: 5f8552bc25ca8751c010f621c1098dbdaacbccd6
  SDWebImage: cb6f9f266a9977741efcbc21e618e8be3734c774
  UMengAnalytics-NO-IDFA: 985292af177111685325c90c321094172b95d2cb

PODFILE CHECKSUM: 2a8bdb4c344841167f5428b21a280ab5e7656339

COCOAPODS: 1.0.1
